
Microsoft Visual Studio Solution File, Format Version 12.00
# Visual Studio Version 17
VisualStudioVersion = 17.3.32901.215
MinimumVisualStudioVersion = 10.0.40219.1
Project("{9A19103F-16F7-4668-BE54-9A1E7A4F7556}") = "Oefening2", "Oefening2\Oefening2.csproj", "{A843DD15-47DB-4B7B-9ECB-C6E624117826}"
EndProject
Project("{9A19103F-16F7-4668-BE54-9A1E7A4F7556}") = "Oefening3", "Oefening3\Oefening3.csproj", "{0FEB0E58-AA71-4818-BC70-C429C96A61EE}"
EndProject
Project("{FAE04EC0-301F-11D3-BF4B-00C04F79EFBC}") = "Oefening4", "Oefening4\Oefening4.csproj", "{F759AA22-0239-437B-838E-A59F56DD99D2}"
EndProject
Project("{FAE04EC0-301F-11D3-BF4B-00C04F79EFBC}") = "Oefening5", "Oefening5\Oefening5.csproj", "{8EE12930-A3CF-4DE0-A7AA-8903BA2ADC78}"
EndProject
Project("{FAE04EC0-301F-11D3-BF4B-00C04F79EFBC}") = "Oefening6", "Oefening6\Oefening6.csproj", "{0D1E3423-784F-43FA-9EAC-EC34B1938B03}"
EndProject
Project("{FAE04EC0-301F-11D3-BF4B-00C04F79EFBC}") = "Oefening1", "Oefening1\Oefening1.csproj", "{310A81BD-1C67-4276-965A-869B80A80122}"
EndProject
Project("{FAE04EC0-301F-11D3-BF4B-00C04F79EFBC}") = "Oefening7", "Oefening7\Oefening7.csproj", "{977145AD-0B08-4C6B-921B-9B130E33BDBF}"
EndProject
Global
	GlobalSection(SolutionConfigurationPlatforms) = preSolution
		Debug|Any CPU = Debug|Any CPU
		Release|Any CPU = Release|Any CPU
	EndGlobalSection
	GlobalSection(ProjectConfigurationPlatforms) = postSolution
		{A843DD15-47DB-4B7B-9ECB-C6E624117826}.Debug|Any CPU.ActiveCfg = Debug|Any CPU
		{A843DD15-47DB-4B7B-9ECB-C6E624117826}.Debug|Any CPU.Build.0 = Debug|Any CPU
		{A843DD15-47DB-4B7B-9ECB-C6E624117826}.Release|Any CPU.ActiveCfg = Release|Any CPU
		{A843DD15-47DB-4B7B-9ECB-C6E624117826}.Release|Any CPU.Build.0 = Release|Any CPU
		{0FEB0E58-AA71-4818-BC70-C429C96A61EE}.Debug|Any CPU.ActiveCfg = Debug|Any CPU
		{0FEB0E58-AA71-4818-BC70-C429C96A61EE}.Debug|Any CPU.Build.0 = Debug|Any CPU
		{0FEB0E58-AA71-4818-BC70-C429C96A61EE}.Release|Any CPU.ActiveCfg = Release|Any CPU
		{0FEB0E58-AA71-4818-BC70-C429C96A61EE}.Release|Any CPU.Build.0 = Release|Any CPU
		{F759AA22-0239-437B-838E-A59F56DD99D2}.Debug|Any CPU.ActiveCfg = Debug|Any CPU
		{F759AA22-0239-437B-838E-A59F56DD99D2}.Debug|Any CPU.Build.0 = Debug|Any CPU
		{F759AA22-0239-437B-838E-A59F56DD99D2}.Release|Any CPU.ActiveCfg = Release|Any CPU
		{F759AA22-0239-437B-838E-A59F56DD99D2}.Release|Any CPU.Build.0 = Release|Any CPU
		{8EE12930-A3CF-4DE0-A7AA-8903BA2ADC78}.Debug|Any CPU.ActiveCfg = Debug|Any CPU
		{8EE12930-A3CF-4DE0-A7AA-8903BA2ADC78}.Debug|Any CPU.Build.0 = Debug|Any CPU
		{8EE12930-A3CF-4DE0-A7AA-8903BA2ADC78}.Release|Any CPU.ActiveCfg = Release|Any CPU
		{8EE12930-A3CF-4DE0-A7AA-8903BA2ADC78}.Release|Any CPU.Build.0 = Release|Any CPU
		{0D1E3423-784F-43FA-9EAC-EC34B1938B03}.Debug|Any CPU.ActiveCfg = Debug|Any CPU
		{0D1E3423-784F-43FA-9EAC-EC34B1938B03}.Debug|Any CPU.Build.0 = Debug|Any CPU
		{0D1E3423-784F-43FA-9EAC-EC34B1938B03}.Release|Any CPU.ActiveCfg = Release|Any CPU
		{0D1E3423-784F-43FA-9EAC-EC34B1938B03}.Release|Any CPU.Build.0 = Release|Any CPU
		{310A81BD-1C67-4276-965A-869B80A80122}.Debug|Any CPU.ActiveCfg = Debug|Any CPU
		{310A81BD-1C67-4276-965A-869B80A80122}.Debug|Any CPU.Build.0 = Debug|Any CPU
		{310A81BD-1C67-4276-965A-869B80A80122}.Release|Any CPU.ActiveCfg = Release|Any CPU
		{310A81BD-1C67-4276-965A-869B80A80122}.Release|Any CPU.Build.0 = Release|Any CPU
		{977145AD-0B08-4C6B-921B-9B130E33BDBF}.Debug|Any CPU.ActiveCfg = Debug|Any CPU
		{977145AD-0B08-4C6B-921B-9B130E33BDBF}.Debug|Any CPU.Build.0 = Debug|Any CPU
		{977145AD-0B08-4C6B-921B-9B130E33BDBF}.Release|Any CPU.ActiveCfg = Release|Any CPU
		{977145AD-0B08-4C6B-921B-9B130E33BDBF}.Release|Any CPU.Build.0 = Release|Any CPU
	EndGlobalSection
	GlobalSection(SolutionProperties) = preSolution
		HideSolutionNode = FALSE
	EndGlobalSection
	GlobalSection(ExtensibilityGlobals) = postSolution
		SolutionGuid = {0B281822-D1E4-475A-A052-0BFA3A8A4A6B}
	EndGlobalSection
EndGlobal
